
Microsoft Visual Studio Solution File, Format Version 12.00
# Visual Studio Version 17
VisualStudioVersion = 17.8.34408.163
MinimumVisualStudioVersion = 10.0.40219.1
Project("{FAE04EC0-301F-11D3-BF4B-00C04F79EFBC}") = "PO2_5", "PO2_5\PO2_5.csproj", "{6BB2C29D-3E9A-4BD1-BE3C-66985B2926CD}"
EndProject
Global
	GlobalSection(SolutionConfigurationPlatforms) = preSolution
		Debug|Any CPU = Debug|Any CPU
		Release|Any CPU = Release|Any CPU
	EndGlobalSection
	GlobalSection(ProjectConfigurationPlatforms) = postSolution
		{6BB2C29D-3E9A-4BD1-BE3C-66985B2926CD}.Debug|Any CPU.ActiveCfg = Debug|Any CPU
		{6BB2C29D-3E9A-4BD1-BE3C-66985B2926CD}.Debug|Any CPU.Build.0 = Debug|Any CPU
		{6BB2C29D-3E9A-4BD1-BE3C-66985B2926CD}.Release|Any CPU.ActiveCfg = Release|Any CPU
		{6BB2C29D-3E9A-4BD1-BE3C-66985B2926CD}.Release|Any CPU.Build.0 = Release|Any CPU
	EndGlobalSection
	GlobalSection(SolutionProperties) = preSolution
		HideSolutionNode = FALSE
	EndGlobalSection
	GlobalSection(ExtensibilityGlobals) = postSolution
		SolutionGuid = {D187C7BD-D7B9-4F8D-90C4-34982DD61081}
	EndGlobalSection
EndGlobal
